# Exact revisions for the preserved vendored source tree.
# Values are inherited from upstream v0.9.15 trash.conf and are source
# provenance only; dependency updates require a separately reviewed rebuild.
gopkg.in/check.v1 4f90aeace3a26ad7021961c297b22c42160c7b25
github.com/Sirupsen/logrus v0.10.0
github.com/urfave/cli v1.18.0
github.com/rancher/go-rancher cbc1b0a3f68db14c8d074ffc7fe2ca3b26a82c91
github.com/pkg/errors 248dadf4e9068a0b3e79f02ed0a610d935de5302
github.com/gorilla/context 215affda49addc4c8ef7e2534915df2c8c35c6cd
github.com/gorilla/mux f15e0c49460fd49eebe2bcc8486b05d1bef68d3a
github.com/gorilla/websocket 1551221275a7bd42978745a376b2531f791d88f3
github.com/mitchellh/mapstructure bfdb1a85537d60bc7e954e600c250219ea497417
